// !$*UTF8*$!
{
	archiveVersion = 1;
	classes = {
	};
	objectVersion = 48;
	objects = {

/* Begin PBXBuildFile section */
		7814B0CA20430E75006F75E4 /* Differentiator.framework in Frameworks */ = {isa = PBXBuildFile; fileRef = 7814B0CC20430E75006F75E4 /* Differentiator.framework */; };
		7814B0CB20430E75006F75E4 /* RxDataSources.framework in Frameworks */ = {isa = PBXBuildFile; fileRef = 7814B0CD20430E75006F75E4 /* RxDataSources.framework */; };
		7814B0CF20431197006F75E4 /* ContactEntity.swift in Sources */ = {isa = PBXBuildFile; fileRef = 7814B0CE20431197006F75E4 /* ContactEntity.swift */; };
		7814B0D1204312FA006F75E4 /* ContactPhoneEntity.swift in Sources */ = {isa = PBXBuildFile; fileRef = 7814B0D0204312FA006F75E4 /* ContactPhoneEntity.swift */; };
		7814B0D320431378006F75E4 /* ContactType.swift in Sources */ = {isa = PBXBuildFile; fileRef = 7814B0D220431378006F75E4 /* ContactType.swift */; };
		7814B0D720431CC6006F75E4 /* ContactListTableViewCell.swift in Sources */ = {isa = PBXBuildFile; fileRef = 7814B0D620431CC6006F75E4 /* ContactListTableViewCell.swift */; };
		783E161820435C7C004AF514 /* EditContactViewController.swift in Sources */ = {isa = PBXBuildFile; fileRef = 783E161720435C7C004AF514 /* EditContactViewController.swift */; };
		7864BE44204306AF0043A857 /* String+Localizable.swift in Sources */ = {isa = PBXBuildFile; fileRef = 7864BE43204306AF0043A857 /* String+Localizable.swift */; };
		7864BE462043071E0043A857 /* IQKeyboardManagerSwift.framework in Frameworks */ = {isa = PBXBuildFile; fileRef = 7864BE4E2043071E0043A857 /* IQKeyboardManagerSwift.framework */; };
		7864BE492043071E0043A857 /* RxCocoa.framework in Frameworks */ = {isa = PBXBuildFile; fileRef = 7864BE512043071E0043A857 /* RxCocoa.framework */; };
		7864BE4A2043071E0043A857 /* RxSwift.framework in Frameworks */ = {isa = PBXBuildFile; fileRef = 7864BE522043071E0043A857 /* RxSwift.framework */; };
		7864BE56204307520043A857 /* ContactListViewModel.swift in Sources */ = {isa = PBXBuildFile; fileRef = 7864BE55204307520043A857 /* ContactListViewModel.swift */; };
		7864BE5B20430AD40043A857 /* Localizable.strings in Resources */ = {isa = PBXBuildFile; fileRef = 7864BE5D20430AD40043A857 /* Localizable.strings */; };
		786F8A8B2042F6FC00D7F3FD /* AppDelegate.swift in Sources */ = {isa = PBXBuildFile; fileRef = 786F8A8A2042F6FC00D7F3FD /* AppDelegate.swift */; };
		786F8A902042F6FC00D7F3FD /* Main.storyboard in Resources */ = {isa = PBXBuildFile; fileRef = 786F8A8E2042F6FC00D7F3FD /* Main.storyboard */; };
		786F8A932042F6FC00D7F3FD /* Contacts.xcdatamodeld in Sources */ = {isa = PBXBuildFile; fileRef = 786F8A912042F6FC00D7F3FD /* Contacts.xcdatamodeld */; };
		786F8A952042F6FC00D7F3FD /* Assets.xcassets in Resources */ = {isa = PBXBuildFile; fileRef = 786F8A942042F6FC00D7F3FD /* Assets.xcassets */; };
		786F8A982042F6FC00D7F3FD /* LaunchScreen.storyboard in Resources */ = {isa = PBXBuildFile; fileRef = 786F8A962042F6FC00D7F3FD /* LaunchScreen.storyboard */; };
		786F8AAE2042F6FC00D7F3FD /* ContactsUITests.swift in Sources */ = {isa = PBXBuildFile; fileRef = 786F8AAD2042F6FC00D7F3FD /* ContactsUITests.swift */; };
		786F8ABF2043005900D7F3FD /* ContactListViewController.swift in Sources */ = {isa = PBXBuildFile; fileRef = 786F8ABE2043005900D7F3FD /* ContactListViewController.swift */; };
		78D1A9992046059E00EACE5A /* EditContactViewModel.swift in Sources */ = {isa = PBXBuildFile; fileRef = 78D1A9982046059E00EACE5A /* EditContactViewModel.swift */; };
		78D1A99D204605F600EACE5A /* ContactAPI.swift in Sources */ = {isa = PBXBuildFile; fileRef = 78D1A99C204605F600EACE5A /* ContactAPI.swift */; };
		78D1A99F2046064A00EACE5A /* ContactAPILocalImplTest.swift in Sources */ = {isa = PBXBuildFile; fileRef = 78D1A99E2046064A00EACE5A /* ContactAPILocalImplTest.swift */; };
		78D1A9A120476BAB00EACE5A /* ContactsListTests.swift in Sources */ = {isa = PBXBuildFile; fileRef = 78D1A9A020476BAB00EACE5A /* ContactsListTests.swift */; };
		78D1A9A220476D1200EACE5A /* ContactAPI.swift in Sources */ = {isa = PBXBuildFile; fileRef = 78D1A99C204605F600EACE5A /* ContactAPI.swift */; };
		78D1A9A320476DB000EACE5A /* ContactAPILocalImplTest.swift in Sources */ = {isa = PBXBuildFile; fileRef = 78D1A99E2046064A00EACE5A /* ContactAPILocalImplTest.swift */; };
		78D1A9A420476EA000EACE5A /* Differentiator.framework in Frameworks */ = {isa = PBXBuildFile; fileRef = 78D1A9AA20476EA000EACE5A /* Differentiator.framework */; };
		78D1A9A520476EA000EACE5A /* IQKeyboardManagerSwift.framework in Frameworks */ = {isa = PBXBuildFile; fileRef = 78D1A9AB20476EA000EACE5A /* IQKeyboardManagerSwift.framework */; };
		78D1A9A620476EA000EACE5A /* Pods_Contacts.framework in Frameworks */ = {isa = PBXBuildFile; fileRef = 78D1A9AC20476EA000EACE5A /* Pods_Contacts.framework */; };
		78D1A9A720476EA000EACE5A /* RxCocoa.framework in Frameworks */ = {isa = PBXBuildFile; fileRef = 78D1A9AD20476EA000EACE5A /* RxCocoa.framework */; };
		78D1A9A820476EA000EACE5A /* RxDataSources.framework in Frameworks */ = {isa = PBXBuildFile; fileRef = 78D1A9AE20476EA000EACE5A /* RxDataSources.framework */; };
		78D1A9A920476EA000EACE5A /* RxSwift.framework in Frameworks */ = {isa = PBXBuildFile; fileRef = 78D1A9AF20476EA000EACE5A /* RxSwift.framework */; };
		78D1A9B02047707000EACE5A /* ContactEntity.swift in Sources */ = {isa = PBXBuildFile; fileRef = 7814B0CE20431197006F75E4 /* ContactEntity.swift */; };
		78D1A9B12047707300EACE5A /* ContactPhoneEntity.swift in Sources */ = {isa = PBXBuildFile; fileRef = 7814B0D0204312FA006F75E4 /* ContactPhoneEntity.swift */; };
		78D1A9B22047707500EACE5A /* ContactType.swift in Sources */ = {isa = PBXBuildFile; fileRef = 7814B0D220431378006F75E4 /* ContactType.swift */; };
		78D1A9B3204770F200EACE5A /* ContactListViewModel.swift in Sources */ = {isa = PBXBuildFile; fileRef = 7864BE55204307520043A857 /* ContactListViewModel.swift */; };
		78EE23202043473300910541 /* ContactViewController.swift in Sources */ = {isa = PBXBuildFile; fileRef = 78EE231F2043473300910541 /* ContactViewController.swift */; };
		8934585A524CBE31DFB31043 /* Pods_Contacts.framework in Frameworks */ = {isa = PBXBuildFile; fileRef = 78D1A9AC20476EA000EACE5A /* Pods_Contacts.framework */; };
		C54AC0D24CA8B6C349E05E87 /* Pods_ContactsTests.framework in Frameworks */ = {isa = PBXBuildFile; fileRef = A544F17DEACB58F732EA147C /* Pods_ContactsTests.framework */; };
		CCD5881632835A1639A6D668 /* Pods_Contacts.framework in Frameworks */ = {isa = PBXBuildFile; fileRef = AF36F47E0F9B0A927ED8FE0D /* Pods_Contacts.framework */; };
/* End PBXBuildFile section */

/* Begin PBXContainerItemProxy section */
		786F8A9F2042F6FC00D7F3FD /* PBXContainerItemProxy */ = {
			isa = PBXContainerItemProxy;
			containerPortal = 786F8A7F2042F6FC00D7F3FD /* Project object */;
			proxyType = 1;
			remoteGlobalIDString = 786F8A862042F6FC00D7F3FD;
			remoteInfo = Contacts;
		};
		786F8AAA2042F6FC00D7F3FD /* PBXContainerItemProxy */ = {
			isa = PBXContainerItemProxy;
			containerPortal = 786F8A7F2042F6FC00D7F3FD /* Project object */;
			proxyType = 1;
			remoteGlobalIDString = 786F8A862042F6FC00D7F3FD;
			remoteInfo = Contacts;
		};
/* End PBXContainerItemProxy section */

/* Begin PBXFileReference section */
		5B1AC1EBE6A46721EDF310BD /* Pods-Contacts.release.xcconfig */ = {isa = PBXFileReference; includeInIndex = 1; lastKnownFileType = text.xcconfig; name = "Pods-Contacts.release.xcconfig"; path = "Pods/Target Support Files/Pods-Contacts/Pods-Contacts.release.xcconfig"; sourceTree = "<group>"; };
		7814B0CC20430E75006F75E4 /* Differentiator.framework */ = {isa = PBXFileReference; explicitFileType = wrapper.framework; path = Differentiator.framework; sourceTree = BUILT_PRODUCTS_DIR; };
		7814B0CD20430E75006F75E4 /* RxDataSources.framework */ = {isa = PBXFileReference; explicitFileType = wrapper.framework; path = RxDataSources.framework; sourceTree = BUILT_PRODUCTS_DIR; };
		7814B0CE20431197006F75E4 /* ContactEntity.swift */ = {isa = PBXFileReference; lastKnownFileType = sourcecode.swift; path = ContactEntity.swift; sourceTree = "<group>"; };
		7814B0D0204312FA006F75E4 /* ContactPhoneEntity.swift */ = {isa = PBXFileReference; lastKnownFileType = sourcecode.swift; path = ContactPhoneEntity.swift; sourceTree = "<group>"; };
		7814B0D220431378006F75E4 /* ContactType.swift */ = {isa = PBXFileReference; lastKnownFileType = sourcecode.swift; path = ContactType.swift; sourceTree = "<group>"; };
		7814B0D620431CC6006F75E4 /* ContactListTableViewCell.swift */ = {isa = PBXFileReference; lastKnownFileType = sourcecode.swift; path = ContactListTableViewCell.swift; sourceTree = "<group>"; };
		783E161720435C7C004AF514 /* EditContactViewController.swift */ = {isa = PBXFileReference; lastKnownFileType = sourcecode.swift; path = EditContactViewController.swift; sourceTree = "<group>"; };
		7864BE43204306AF0043A857 /* String+Localizable.swift */ = {isa = PBXFileReference; lastKnownFileType = sourcecode.swift; path = "String+Localizable.swift"; sourceTree = "<group>"; };
		7864BE4D2043071E0043A857 /* Alamofire.framework */ = {isa = PBXFileReference; explicitFileType = wrapper.framework; path = Alamofire.framework; sourceTree = BUILT_PRODUCTS_DIR; };
		7864BE4E2043071E0043A857 /* IQKeyboardManagerSwift.framework */ = {isa = PBXFileReference; explicitFileType = wrapper.framework; path = IQKeyboardManagerSwift.framework; sourceTree = BUILT_PRODUCTS_DIR; };
		7864BE4F2043071E0043A857 /* ObjectMapper.framework */ = {isa = PBXFileReference; explicitFileType = wrapper.framework; path = ObjectMapper.framework; sourceTree = BUILT_PRODUCTS_DIR; };
		7864BE502043071E0043A857 /* RxAlamofire.framework */ = {isa = PBXFileReference; explicitFileType = wrapper.framework; path = RxAlamofire.framework; sourceTree = BUILT_PRODUCTS_DIR; };
		7864BE512043071E0043A857 /* RxCocoa.framework */ = {isa = PBXFileReference; explicitFileType = wrapper.framework; path = RxCocoa.framework; sourceTree = BUILT_PRODUCTS_DIR; };
		7864BE522043071E0043A857 /* RxSwift.framework */ = {isa = PBXFileReference; explicitFileType = wrapper.framework; path = RxSwift.framework; sourceTree = BUILT_PRODUCTS_DIR; };
		7864BE532043071E0043A857 /* SDWebImage.framework */ = {isa = PBXFileReference; explicitFileType = wrapper.framework; path = SDWebImage.framework; sourceTree = BUILT_PRODUCTS_DIR; };
		7864BE542043071E0043A857 /* SwiftyJSON.framework */ = {isa = PBXFileReference; explicitFileType = wrapper.framework; path = SwiftyJSON.framework; sourceTree = BUILT_PRODUCTS_DIR; };
		7864BE55204307520043A857 /* ContactListViewModel.swift */ = {isa = PBXFileReference; lastKnownFileType = sourcecode.swift; path = ContactListViewModel.swift; sourceTree = "<group>"; };
		7864BE5720430AA30043A857 /* ru */ = {isa = PBXFileReference; lastKnownFileType = text.plist.strings; name = ru; path = ru.lproj/Main.strings; sourceTree = "<group>"; };
		7864BE5820430AA30043A857 /* ru */ = {isa = PBXFileReference; lastKnownFileType = text.plist.strings; name = ru; path = ru.lproj/LaunchScreen.strings; sourceTree = "<group>"; };
		7864BE5C20430AD40043A857 /* en */ = {isa = PBXFileReference; lastKnownFileType = text.plist.strings; name = en; path = en.lproj/Localizable.strings; sourceTree = "<group>"; };
		7864BE5E20430AD70043A857 /* ru */ = {isa = PBXFileReference; lastKnownFileType = text.plist.strings; name = ru; path = ru.lproj/Localizable.strings; sourceTree = "<group>"; };
		786F8A872042F6FC00D7F3FD /* Contacts.app */ = {isa = PBXFileReference; explicitFileType = wrapper.application; includeInIndex = 0; path = Contacts.app; sourceTree = BUILT_PRODUCTS_DIR; };
		786F8A8A2042F6FC00D7F3FD /* AppDelegate.swift */ = {isa = PBXFileReference; lastKnownFileType = sourcecode.swift; path = AppDelegate.swift; sourceTree = "<group>"; };
		786F8A8F2042F6FC00D7F3FD /* Base */ = {isa = PBXFileReference; lastKnownFileType = file.storyboard; name = Base; path = Base.lproj/Main.storyboard; sourceTree = "<group>"; };
		786F8A922042F6FC00D7F3FD /* Contacts.xcdatamodel */ = {isa = PBXFileReference; lastKnownFileType = wrapper.xcdatamodel; path = Contacts.xcdatamodel; sourceTree = "<group>"; };
		786F8A942042F6FC00D7F3FD /* Assets.xcassets */ = {isa = PBXFileReference; lastKnownFileType = folder.assetcatalog; path = Assets.xcassets; sourceTree = "<group>"; };
		786F8A972042F6FC00D7F3FD /* Base */ = {isa = PBXFileReference; lastKnownFileType = file.storyboard; name = Base; path = Base.lproj/LaunchScreen.storyboard; sourceTree = "<group>"; };
		786F8A992042F6FC00D7F3FD /* Info.plist */ = {isa = PBXFileReference; lastKnownFileType = text.plist.xml; path = Info.plist; sourceTree = "<group>"; };
		786F8A9E2042F6FC00D7F3FD /* ContactsTests.xctest */ = {isa = PBXFileReference; explicitFileType = wrapper.cfbundle; includeInIndex = 0; path = ContactsTests.xctest; sourceTree = BUILT_PRODUCTS_DIR; };
		786F8AA22042F6FC00D7F3FD /* ContactsTests.swift */ = {isa = PBXFileReference; lastKnownFileType = sourcecode.swift; path = ContactsTests.swift; sourceTree = "<group>"; };
		786F8AA42042F6FC00D7F3FD /* Info.plist */ = {isa = PBXFileReference; lastKnownFileType = text.plist.xml; path = Info.plist; sourceTree = "<group>"; };
		786F8AA92042F6FC00D7F3FD /* ContactsUITests.xctest */ = {isa = PBXFileReference; explicitFileType = wrapper.cfbundle; includeInIndex = 0; path = ContactsUITests.xctest; sourceTree = BUILT_PRODUCTS_DIR; };
		786F8AAD2042F6FC00D7F3FD /* ContactsUITests.swift */ = {isa = PBXFileReference; lastKnownFileType = sourcecode.swift; path = ContactsUITests.swift; sourceTree = "<group>"; };
		786F8AAF2042F6FC00D7F3FD /* Info.plist */ = {isa = PBXFileReference; lastKnownFileType = text.plist.xml; path = Info.plist; sourceTree = "<group>"; };
		786F8ABE2043005900D7F3FD /* ContactListViewController.swift */ = {isa = PBXFileReference; lastKnownFileType = sourcecode.swift; path = ContactListViewController.swift; sourceTree = "<group>"; };
		78D1A9982046059E00EACE5A /* EditContactViewModel.swift */ = {isa = PBXFileReference; lastKnownFileType = sourcecode.swift; path = EditContactViewModel.swift; sourceTree = "<group>"; };
		78D1A99C204605F600EACE5A /* ContactAPI.swift */ = {isa = PBXFileReference; lastKnownFileType = sourcecode.swift; path = ContactAPI.swift; sourceTree = "<group>"; };
		78D1A99E2046064A00EACE5A /* ContactAPILocalImplTest.swift */ = {isa = PBXFileReference; lastKnownFileType = sourcecode.swift; path = ContactAPILocalImplTest.swift; sourceTree = "<group>"; };
		78D1A9A020476BAB00EACE5A /* ContactsListTests.swift */ = {isa = PBXFileReference; lastKnownFileType = sourcecode.swift; path = ContactsListTests.swift; sourceTree = "<group>"; };
		78D1A9AA20476EA000EACE5A /* Differentiator.framework */ = {isa = PBXFileReference; explicitFileType = wrapper.framework; path = Differentiator.framework; sourceTree = BUILT_PRODUCTS_DIR; };
		78D1A9AB20476EA000EACE5A /* IQKeyboardManagerSwift.framework */ = {isa = PBXFileReference; explicitFileType = wrapper.framework; path = IQKeyboardManagerSwift.framework; sourceTree = BUILT_PRODUCTS_DIR; };
		78D1A9AC20476EA000EACE5A /* Pods_Contacts.framework */ = {isa = PBXFileReference; explicitFileType = wrapper.framework; path = Pods_Contacts.framework; sourceTree = BUILT_PRODUCTS_DIR; };
		78D1A9AD20476EA000EACE5A /* RxCocoa.framework */ = {isa = PBXFileReference; explicitFileType = wrapper.framework; path = RxCocoa.framework; sourceTree = BUILT_PRODUCTS_DIR; };
		78D1A9AE20476EA000EACE5A /* RxDataSources.framework */ = {isa = PBXFileReference; explicitFileType = wrapper.framework; path = RxDataSources.framework; sourceTree = BUILT_PRODUCTS_DIR; };
		78D1A9AF20476EA000EACE5A /* RxSwift.framework */ = {isa = PBXFileReference; explicitFileType = wrapper.framework; path = RxSwift.framework; sourceTree = BUILT_PRODUCTS_DIR; };
		78EE231F2043473300910541 /* ContactViewController.swift */ = {isa = PBXFileReference; lastKnownFileType = sourcecode.swift; path = ContactViewController.swift; sourceTree = "<group>"; };
		95705FB2C9065E9B193962A6 /* Pods-ContactsTests.debug.xcconfig */ = {isa = PBXFileReference; includeInIndex = 1; lastKnownFileType = text.xcconfig; name = "Pods-ContactsTests.debug.xcconfig"; path = "Pods/Target Support Files/Pods-ContactsTests/Pods-ContactsTests.debug.xcconfig"; sourceTree = "<group>"; };
		A544F17DEACB58F732EA147C /* Pods_ContactsTests.framework */ = {isa = PBXFileReference; explicitFileType = wrapper.framework; includeInIndex = 0; path = Pods_ContactsTests.framework; sourceTree = BUILT_PRODUCTS_DIR; };
		AF36F47E0F9B0A927ED8FE0D /* Pods_Contacts.framework */ = {isa = PBXFileReference; explicitFileType = wrapper.framework; includeInIndex = 0; path = Pods_Contacts.framework; sourceTree = BUILT_PRODUCTS_DIR; };
		D895A08A503EFF412078835F /* Pods-Contacts.debug.xcconfig */ = {isa = PBXFileReference; includeInIndex = 1; lastKnownFileType = text.xcconfig; name = "Pods-Contacts.debug.xcconfig"; path = "Pods/Target Support Files/Pods-Contacts/Pods-Contacts.debug.xcconfig"; sourceTree = "<group>"; };
		E174AEFB2FB240A80DA827EF /* Pods-ContactsTests.release.xcconfig */ = {isa = PBXFileReference; includeInIndex = 1; lastKnownFileType = text.xcconfig; name = "Pods-ContactsTests.release.xcconfig"; path = "Pods/Target Support Files/Pods-ContactsTests/Pods-ContactsTests.release.xcconfig"; sourceTree = "<group>"; };
/* End PBXFileReference section */

/* Begin PBXFrameworksBuildPhase section */
		786F8A842042F6FC00D7F3FD /* Frameworks */ = {
			isa = PBXFrameworksBuildPhase;
			buildActionMask = 2147483647;
			files = (
				7814B0CA20430E75006F75E4 /* Differentiator.framework in Frameworks */,
				7814B0CB20430E75006F75E4 /* RxDataSources.framework in Frameworks */,
				7864BE462043071E0043A857 /* IQKeyboardManagerSwift.framework in Frameworks */,
				7864BE492043071E0043A857 /* RxCocoa.framework in Frameworks */,
				7864BE4A2043071E0043A857 /* RxSwift.framework in Frameworks */,
				CCD5881632835A1639A6D668 /* Pods_Contacts.framework in Frameworks */,
				8934585A524CBE31DFB31043 /* Pods_Contacts.framework in Frameworks */,
			);
			runOnlyForDeploymentPostprocessing = 0;
		};
		786F8A9B2042F6FC00D7F3FD /* Frameworks */ = {
			isa = PBXFrameworksBuildPhase;
			buildActionMask = 2147483647;
			files = (
				78D1A9A420476EA000EACE5A /* Differentiator.framework in Frameworks */,
				78D1A9A520476EA000EACE5A /* IQKeyboardManagerSwift.framework in Frameworks */,
				78D1A9A620476EA000EACE5A /* Pods_Contacts.framework in Frameworks */,
				78D1A9A720476EA000EACE5A /* RxCocoa.framework in Frameworks */,
				78D1A9A820476EA000EACE5A /* RxDataSources.framework in Frameworks */,
				78D1A9A920476EA000EACE5A /* RxSwift.framework in Frameworks */,
				C54AC0D24CA8B6C349E05E87 /* Pods_ContactsTests.framework in Frameworks */,
			);
			runOnlyForDeploymentPostprocessing = 0;
		};
		786F8AA62042F6FC00D7F3FD /* Frameworks */ = {
			isa = PBXFrameworksBuildPhase;
			buildActionMask = 2147483647;
			files = (
			);
			runOnlyForDeploymentPostprocessing = 0;
		};
/* End PBXFrameworksBuildPhase section */

/* Begin PBXGroup section */
		4E3E9D264A3D11F8029DC4D7 /* Pods */ = {
			isa = PBXGroup;
			children = (
				D895A08A503EFF412078835F /* Pods-Contacts.debug.xcconfig */,
				5B1AC1EBE6A46721EDF310BD /* Pods-Contacts.release.xcconfig */,
				95705FB2C9065E9B193962A6 /* Pods-ContactsTests.debug.xcconfig */,
				E174AEFB2FB240A80DA827EF /* Pods-ContactsTests.release.xcconfig */,
			);
			name = Pods;
			sourceTree = "<group>";
		};
		7814B0D420431C93006F75E4 /* Views */ = {
			isa = PBXGroup;
			children = (
				7814B0D520431C9F006F75E4 /* Cells */,
			);
			path = Views;
			sourceTree = "<group>";
		};
		7814B0D520431C9F006F75E4 /* Cells */ = {
			isa = PBXGroup;
			children = (
				7814B0D620431CC6006F75E4 /* ContactListTableViewCell.swift */,
			);
			path = Cells;
			sourceTree = "<group>";
		};
		7864BE42204306650043A857 /* Extensions */ = {
			isa = PBXGroup;
			children = (
				7864BE43204306AF0043A857 /* String+Localizable.swift */,
			);
			path = Extensions;
			sourceTree = "<group>";
		};
		786F8A7E2042F6FC00D7F3FD = {
			isa = PBXGroup;
			children = (
				786F8A892042F6FC00D7F3FD /* Contacts */,
				786F8AA12042F6FC00D7F3FD /* ContactsTests */,
				786F8AAC2042F6FC00D7F3FD /* ContactsUITests */,
				786F8A882042F6FC00D7F3FD /* Products */,
				4E3E9D264A3D11F8029DC4D7 /* Pods */,
				A03F6F1939BCF3823152B945 /* Frameworks */,
			);
			sourceTree = "<group>";
		};
		786F8A882042F6FC00D7F3FD /* Products */ = {
			isa = PBXGroup;
			children = (
				786F8A872042F6FC00D7F3FD /* Contacts.app */,
				786F8A9E2042F6FC00D7F3FD /* ContactsTests.xctest */,
				786F8AA92042F6FC00D7F3FD /* ContactsUITests.xctest */,
			);
			name = Products;
			sourceTree = "<group>";
		};
		786F8A892042F6FC00D7F3FD /* Contacts */ = {
			isa = PBXGroup;
			children = (
				78D1A99A204605E100EACE5A /* Storage */,
				7814B0D420431C93006F75E4 /* Views */,
				786F8ABD2042FE0200D7F3FD /* VM */,
				786F8ABC2042FDFA00D7F3FD /* Controllers */,
				786F8ABB2042FDEA00D7F3FD /* Entities */,
				7864BE42204306650043A857 /* Extensions */,
				786F8AC02043049300D7F3FD /* Resources */,
				786F8A8A2042F6FC00D7F3FD /* AppDelegate.swift */,
				786F8A992042F6FC00D7F3FD /* Info.plist */,
				786F8A912042F6FC00D7F3FD /* Contacts.xcdatamodeld */,
			);
			path = Contacts;
			sourceTree = "<group>";
		};
		786F8AA12042F6FC00D7F3FD /* ContactsTests */ = {
			isa = PBXGroup;
			children = (
				786F8AA22042F6FC00D7F3FD /* ContactsTests.swift */,
				78D1A9A020476BAB00EACE5A /* ContactsListTests.swift */,
				786F8AA42042F6FC00D7F3FD /* Info.plist */,
			);
			path = ContactsTests;
			sourceTree = "<group>";
		};
		786F8AAC2042F6FC00D7F3FD /* ContactsUITests */ = {
			isa = PBXGroup;
			children = (
				786F8AAD2042F6FC00D7F3FD /* ContactsUITests.swift */,
				786F8AAF2042F6FC00D7F3FD /* Info.plist */,
			);
			path = ContactsUITests;
			sourceTree = "<group>";
		};
		786F8ABB2042FDEA00D7F3FD /* Entities */ = {
			isa = PBXGroup;
			children = (
				7814B0CE20431197006F75E4 /* ContactEntity.swift */,
				7814B0D0204312FA006F75E4 /* ContactPhoneEntity.swift */,
				7814B0D220431378006F75E4 /* ContactType.swift */,
			);
			path = Entities;
			sourceTree = "<group>";
		};
		786F8ABC2042FDFA00D7F3FD /* Controllers */ = {
			isa = PBXGroup;
			children = (
				786F8ABE2043005900D7F3FD /* ContactListViewController.swift */,
				78EE231F2043473300910541 /* ContactViewController.swift */,
				783E161720435C7C004AF514 /* EditContactViewController.swift */,
			);
			path = Controllers;
			sourceTree = "<group>";
		};
		786F8ABD2042FE0200D7F3FD /* VM */ = {
			isa = PBXGroup;
			children = (
				7864BE55204307520043A857 /* ContactListViewModel.swift */,
				78D1A9982046059E00EACE5A /* EditContactViewModel.swift */,
			);
			path = VM;
			sourceTree = "<group>";
		};
		786F8AC02043049300D7F3FD /* Resources */ = {
			isa = PBXGroup;
			children = (
				786F8A8E2042F6FC00D7F3FD /* Main.storyboard */,
				786F8A962042F6FC00D7F3FD /* LaunchScreen.storyboard */,
				786F8A942042F6FC00D7F3FD /* Assets.xcassets */,
				7864BE5D20430AD40043A857 /* Localizable.strings */,
			);
			path = Resources;
			sourceTree = "<group>";
		};
		78D1A99A204605E100EACE5A /* Storage */ = {
			isa = PBXGroup;
			children = (
				78D1A99C204605F600EACE5A /* ContactAPI.swift */,
				78D1A99B204605EA00EACE5A /* Local */,
			);
			path = Storage;
			sourceTree = "<group>";
		};
		78D1A99B204605EA00EACE5A /* Local */ = {
			isa = PBXGroup;
			children = (
				78D1A99E2046064A00EACE5A /* ContactAPILocalImplTest.swift */,
			);
			path = Local;
			sourceTree = "<group>";
		};
		A03F6F1939BCF3823152B945 /* Frameworks */ = {
			isa = PBXGroup;
			children = (
				78D1A9AA20476EA000EACE5A /* Differentiator.framework */,
				78D1A9AB20476EA000EACE5A /* IQKeyboardManagerSwift.framework */,
				78D1A9AC20476EA000EACE5A /* Pods_Contacts.framework */,
				78D1A9AD20476EA000EACE5A /* RxCocoa.framework */,
				78D1A9AE20476EA000EACE5A /* RxDataSources.framework */,
				78D1A9AF20476EA000EACE5A /* RxSwift.framework */,
				7814B0CC20430E75006F75E4 /* Differentiator.framework */,
				7814B0CD20430E75006F75E4 /* RxDataSources.framework */,
				7864BE4D2043071E0043A857 /* Alamofire.framework */,
				7864BE4E2043071E0043A857 /* IQKeyboardManagerSwift.framework */,
				7864BE4F2043071E0043A857 /* ObjectMapper.framework */,
				7864BE502043071E0043A857 /* RxAlamofire.framework */,
				7864BE512043071E0043A857 /* RxCocoa.framework */,
				7864BE522043071E0043A857 /* RxSwift.framework */,
				7864BE532043071E0043A857 /* SDWebImage.framework */,
				7864BE542043071E0043A857 /* SwiftyJSON.framework */,
				AF36F47E0F9B0A927ED8FE0D /* Pods_Contacts.framework */,
				A544F17DEACB58F732EA147C /* Pods_ContactsTests.framework */,
			);
			name = Frameworks;
			sourceTree = "<group>";
		};
/* End PBXGroup section */

/* Begin PBXNativeTarget section */
		786F8A862042F6FC00D7F3FD /* Contacts */ = {
			isa = PBXNativeTarget;
			buildConfigurationList = 786F8AB22042F6FC00D7F3FD /* Build configuration list for PBXNativeTarget "Contacts" */;
			buildPhases = (
				3BBEDD0DB418AF38C566A6B2 /* [CP] Check Pods Manifest.lock */,
				786F8A832042F6FC00D7F3FD /* Sources */,
				786F8A842042F6FC00D7F3FD /* Frameworks */,
				786F8A852042F6FC00D7F3FD /* Resources */,
				EB8F7B59069B5B05B68039A0 /* [CP] Embed Pods Frameworks */,
				5FE6CB9FBA4FFC94D874D516 /* [CP] Copy Pods Resources */,
			);
			buildRules = (
			);
			dependencies = (
			);
			name = Contacts;
			productName = Contacts;
			productReference = 786F8A872042F6FC00D7F3FD /* Contacts.app */;
			productType = "com.apple.product-type.application";
		};
		786F8A9D2042F6FC00D7F3FD /* ContactsTests */ = {
			isa = PBXNativeTarget;
			buildConfigurationList = 786F8AB52042F6FC00D7F3FD /* Build configuration list for PBXNativeTarget "ContactsTests" */;
			buildPhases = (
				C403520645989F4714871FE3 /* [CP] Check Pods Manifest.lock */,
				786F8A9A2042F6FC00D7F3FD /* Sources */,
				786F8A9B2042F6FC00D7F3FD /* Frameworks */,
				786F8A9C2042F6FC00D7F3FD /* Resources */,
				F0B1E882079E857C9AB0B5A7 /* [CP] Embed Pods Frameworks */,
				3616F6227077A0E89C2983CB /* [CP] Copy Pods Resources */,
			);
			buildRules = (
			);
			dependencies = (
				786F8AA02042F6FC00D7F3FD /* PBXTargetDependency */,
			);
			name = ContactsTests;
			productName = ContactsTests;
			productReference = 786F8A9E2042F6FC00D7F3FD /* ContactsTests.xctest */;
			productType = "com.apple.product-type.bundle.unit-test";
		};
		786F8AA82042F6FC00D7F3FD /* ContactsUITests */ = {
			isa = PBXNativeTarget;
			buildConfigurationList = 786F8AB82042F6FC00D7F3FD /* Build configuration list for PBXNativeTarget "ContactsUITests" */;
			buildPhases = (
				786F8AA52042F6FC00D7F3FD /* Sources */,
				786F8AA62042F6FC00D7F3FD /* Frameworks */,
				786F8AA72042F6FC00D7F3FD /* Resources */,
			);
			buildRules = (
			);
			dependencies = (
				786F8AAB2042F6FC00D7F3FD /* PBXTargetDependency */,
			);
			name = ContactsUITests;
			productName = ContactsUITests;
			productReference = 786F8AA92042F6FC00D7F3FD /* ContactsUITests.xctest */;
			productType = "com.apple.product-type.bundle.ui-testing";
		};
/* End PBXNativeTarget section */

/* Begin PBXProject section */
		786F8A7F2042F6FC00D7F3FD /* Project object */ = {
			isa = PBXProject;
			attributes = {
				LastSwiftUpdateCheck = 0920;
				LastUpgradeCheck = 0920;
				ORGANIZATIONNAME = igor;
				TargetAttributes = {
					786F8A862042F6FC00D7F3FD = {
						CreatedOnToolsVersion = 9.2;
						ProvisioningStyle = Automatic;
					};
					786F8A9D2042F6FC00D7F3FD = {
						CreatedOnToolsVersion = 9.2;
						ProvisioningStyle = Automatic;
						TestTargetID = 786F8A862042F6FC00D7F3FD;
					};
					786F8AA82042F6FC00D7F3FD = {
						CreatedOnToolsVersion = 9.2;
						ProvisioningStyle = Automatic;
						TestTargetID = 786F8A862042F6FC00D7F3FD;
					};
				};
			};
			buildConfigurationList = 786F8A822042F6FC00D7F3FD /* Build configuration list for PBXProject "Contacts" */;
			compatibilityVersion = "Xcode 8.0";
			developmentRegion = en;
			hasScannedForEncodings = 0;
			knownRegions = (
				en,
				Base,
				ru,
			);
			mainGroup = 786F8A7E2042F6FC00D7F3FD;
			productRefGroup = 786F8A882042F6FC00D7F3FD /* Products */;
			projectDirPath = "";
			projectRoot = "";
			targets = (
				786F8A862042F6FC00D7F3FD /* Contacts */,
				786F8A9D2042F6FC00D7F3FD /* ContactsTests */,
				786F8AA82042F6FC00D7F3FD /* ContactsUITests */,
			);
		};
/* End PBXProject section */

/* Begin PBXResourcesBuildPhase section */
		786F8A852042F6FC00D7F3FD /* Resources */ = {
			isa = PBXResourcesBuildPhase;
			buildActionMask = 2147483647;
			files = (
				786F8A982042F6FC00D7F3FD /* LaunchScreen.storyboard in Resources */,
				7864BE5B20430AD40043A857 /* Localizable.strings in Resources */,
				786F8A952042F6FC00D7F3FD /* Assets.xcassets in Resources */,
				786F8A902042F6FC00D7F3FD /* Main.storyboard in Resources */,
			);
			runOnlyForDeploymentPostprocessing = 0;
		};
		786F8A9C2042F6FC00D7F3FD /* Resources */ = {
			isa = PBXResourcesBuildPhase;
			buildActionMask = 2147483647;
			files = (
			);
			runOnlyForDeploymentPostprocessing = 0;
		};
		786F8AA72042F6FC00D7F3FD /* Resources */ = {
			isa = PBXResourcesBuildPhase;
			buildActionMask = 2147483647;
			files = (
			);
			runOnlyForDeploymentPostprocessing = 0;
		};
/* End PBXResourcesBuildPhase section */

/* Begin PBXShellScriptBuildPhase section */
		3616F6227077A0E89C2983CB /* [CP] Copy Pods Resources */ = {
			isa = PBXShellScriptBuildPhase;
			buildActionMask = 2147483647;
			files = (
			);
			inputPaths = (
			);
			name = "[CP] Copy Pods Resources";
			outputPaths = (
			);
			runOnlyForDeploymentPostprocessing = 0;
			shellPath = /bin/sh;
			shellScript = "\"${SRCROOT}/Pods/Target Support Files/Pods-ContactsTests/Pods-ContactsTests-resources.sh\"\n";
			showEnvVarsInLog = 0;
		};
		3BBEDD0DB418AF38C566A6B2 /* [CP] Check Pods Manifest.lock */ = {
			isa = PBXShellScriptBuildPhase;
			buildActionMask = 2147483647;
			files = (
			);
			inputPaths = (
				"${PODS_PODFILE_DIR_PATH}/Podfile.lock",
				"${PODS_ROOT}/Manifest.lock",
			);
			name = "[CP] Check Pods Manifest.lock";
			outputPaths = (
				"$(DERIVED_FILE_DIR)/Pods-Contacts-checkManifestLockResult.txt",
			);
			runOnlyForDeploymentPostprocessing = 0;
			shellPath = /bin/sh;
			shellScript = "diff \"${PODS_PODFILE_DIR_PATH}/Podfile.lock\" \"${PODS_ROOT}/Manifest.lock\" > /dev/null\nif [ $? != 0 ] ; then\n    # print error to STDERR\n    echo \"error: The sandbox is not in sync with the Podfile.lock. Run 'pod install' or update your CocoaPods installation.\" >&2\n    exit 1\nfi\n# This output is used by Xcode 'outputs' to avoid re-running this script phase.\necho \"SUCCESS\" > \"${SCRIPT_OUTPUT_FILE_0}\"\n";
			showEnvVarsInLog = 0;
		};
		5FE6CB9FBA4FFC94D874D516 /* [CP] Copy Pods Resources */ = {
			isa = PBXShellScriptBuildPhase;
			buildActionMask = 2147483647;
			files = (
			);
			inputPaths = (
			);
			name = "[CP] Copy Pods Resources";
			outputPaths = (
			);
			runOnlyForDeploymentPostprocessing = 0;
			shellPath = /bin/sh;
			shellScript = "\"${SRCROOT}/Pods/Target Support Files/Pods-Contacts/Pods-Contacts-resources.sh\"\n";
			showEnvVarsInLog = 0;
		};
		C403520645989F4714871FE3 /* [CP] Check Pods Manifest.lock */ = {
			isa = PBXShellScriptBuildPhase;
			buildActionMask = 2147483647;
			files = (
			);
			inputPaths = (
				"${PODS_PODFILE_DIR_PATH}/Podfile.lock",
				"${PODS_ROOT}/Manifest.lock",
			);
			name = "[CP] Check Pods Manifest.lock";
			outputPaths = (
				"$(DERIVED_FILE_DIR)/Pods-ContactsTests-checkManifestLockResult.txt",
			);
			runOnlyForDeploymentPostprocessing = 0;
			shellPath = /bin/sh;
			shellScript = "diff \"${PODS_PODFILE_DIR_PATH}/Podfile.lock\" \"${PODS_ROOT}/Manifest.lock\" > /dev/null\nif [ $? != 0 ] ; then\n    # print error to STDERR\n    echo \"error: The sandbox is not in sync with the Podfile.lock. Run 'pod install' or update your CocoaPods installation.\" >&2\n    exit 1\nfi\n# This output is used by Xcode 'outputs' to avoid re-running this script phase.\necho \"SUCCESS\" > \"${SCRIPT_OUTPUT_FILE_0}\"\n";
			showEnvVarsInLog = 0;
		};
		EB8F7B59069B5B05B68039A0 /* [CP] Embed Pods Frameworks */ = {
			isa = PBXShellScriptBuildPhase;
			buildActionMask = 2147483647;
			files = (
			);
			inputPaths = (
				"${SRCROOT}/Pods/Target Support Files/Pods-Contacts/Pods-Contacts-frameworks.sh",
				"${BUILT_PRODUCTS_DIR}/Differentiator/Differentiator.framework",
				"${BUILT_PRODUCTS_DIR}/IQKeyboardManagerSwift/IQKeyboardManagerSwift.framework",
				"${BUILT_PRODUCTS_DIR}/RxCocoa/RxCocoa.framework",
				"${BUILT_PRODUCTS_DIR}/RxDataSources/RxDataSources.framework",
				"${BUILT_PRODUCTS_DIR}/RxSwift/RxSwift.framework",
			);
			name = "[CP] Embed Pods Frameworks";
			outputPaths = (
				"${TARGET_BUILD_DIR}/${FRAMEWORKS_FOLDER_PATH}/Differentiator.framework",
				"${TARGET_BUILD_DIR}/${FRAMEWORKS_FOLDER_PATH}/IQKeyboardManagerSwift.framework",
				"${TARGET_BUILD_DIR}/${FRAMEWORKS_FOLDER_PATH}/RxCocoa.framework",
				"${TARGET_BUILD_DIR}/${FRAMEWORKS_FOLDER_PATH}/RxDataSources.framework",
				"${TARGET_BUILD_DIR}/${FRAMEWORKS_FOLDER_PATH}/RxSwift.framework",
			);
			runOnlyForDeploymentPostprocessing = 0;
			shellPath = /bin/sh;
			shellScript = "\"${SRCROOT}/Pods/Target Support Files/Pods-Contacts/Pods-Contacts-frameworks.sh\"\n";
			showEnvVarsInLog = 0;
		};
		F0B1E882079E857C9AB0B5A7 /* [CP] Embed Pods Frameworks */ = {
			isa = PBXShellScriptBuildPhase;
			buildActionMask = 2147483647;
			files = (
			);
			inputPaths = (
				"${SRCROOT}/Pods/Target Support Files/Pods-ContactsTests/Pods-ContactsTests-frameworks.sh",
				"${BUILT_PRODUCTS_DIR}/Differentiator/Differentiator.framework",
				"${BUILT_PRODUCTS_DIR}/IQKeyboardManagerSwift/IQKeyboardManagerSwift.framework",
				"${BUILT_PRODUCTS_DIR}/RxCocoa/RxCocoa.framework",
				"${BUILT_PRODUCTS_DIR}/RxDataSources/RxDataSources.framework",
				"${BUILT_PRODUCTS_DIR}/RxSwift/RxSwift.framework",
			);
			name = "[CP] Embed Pods Frameworks";
			outputPaths = (
				"${TARGET_BUILD_DIR}/${FRAMEWORKS_FOLDER_PATH}/Differentiator.framework",
				"${TARGET_BUILD_DIR}/${FRAMEWORKS_FOLDER_PATH}/IQKeyboardManagerSwift.framework",
				"${TARGET_BUILD_DIR}/${FRAMEWORKS_FOLDER_PATH}/RxCocoa.framework",
				"${TARGET_BUILD_DIR}/${FRAMEWORKS_FOLDER_PATH}/RxDataSources.framework",
				"${TARGET_BUILD_DIR}/${FRAMEWORKS_FOLDER_PATH}/RxSwift.framework",
			);
			runOnlyForDeploymentPostprocessing = 0;
			shellPath = /bin/sh;
			shellScript = "\"${SRCROOT}/Pods/Target Support Files/Pods-ContactsTests/Pods-ContactsTests-frameworks.sh\"\n";
			showEnvVarsInLog = 0;
		};
/* End PBXShellScriptBuildPhase section */

/* Begin PBXSourcesBuildPhase section */
		786F8A832042F6FC00D7F3FD /* Sources */ = {
			isa = PBXSourcesBuildPhase;
			buildActionMask = 2147483647;
			files = (
				7864BE56204307520043A857 /* ContactListViewModel.swift in Sources */,
				7814B0D720431CC6006F75E4 /* ContactListTableViewCell.swift in Sources */,
				786F8A8B2042F6FC00D7F3FD /* AppDelegate.swift in Sources */,
				78D1A9992046059E00EACE5A /* EditContactViewModel.swift in Sources */,
				7814B0D320431378006F75E4 /* ContactType.swift in Sources */,
				786F8A932042F6FC00D7F3FD /* Contacts.xcdatamodeld in Sources */,
				78EE23202043473300910541 /* ContactViewController.swift in Sources */,
				786F8ABF2043005900D7F3FD /* ContactListViewController.swift in Sources */,
				7864BE44204306AF0043A857 /* String+Localizable.swift in Sources */,
				7814B0CF20431197006F75E4 /* ContactEntity.swift in Sources */,
				78D1A99D204605F600EACE5A /* ContactAPI.swift in Sources */,
				7814B0D1204312FA006F75E4 /* ContactPhoneEntity.swift in Sources */,
				783E161820435C7C004AF514 /* EditContactViewController.swift in Sources */,
				78D1A99F2046064A00EACE5A /* ContactAPILocalImplTest.swift in Sources */,
			);
			runOnlyForDeploymentPostprocessing = 0;
		};
		786F8A9A2042F6FC00D7F3FD /* Sources */ = {
			isa = PBXSourcesBuildPhase;
			buildActionMask = 2147483647;
			files = (
				78D1A9A220476D1200EACE5A /* ContactAPI.swift in Sources */,
				78D1A9A120476BAB00EACE5A /* ContactsListTests.swift in Sources */,
				78D1A9B22047707500EACE5A /* ContactType.swift in Sources */,
				78D1A9A320476DB000EACE5A /* ContactAPILocalImplTest.swift in Sources */,
				78D1A9B02047707000EACE5A /* ContactEntity.swift in Sources */,
				78D1A9B3204770F200EACE5A /* ContactListViewModel.swift in Sources */,
				78D1A9B12047707300EACE5A /* ContactPhoneEntity.swift in Sources */,
			);
			runOnlyForDeploymentPostprocessing = 0;
		};
		786F8AA52042F6FC00D7F3FD /* Sources */ = {
			isa = PBXSourcesBuildPhase;
			buildActionMask = 2147483647;
			files = (
				786F8AAE2042F6FC00D7F3FD /* ContactsUITests.swift in Sources */,
			);
			runOnlyForDeploymentPostprocessing = 0;
		};
/* End PBXSourcesBuildPhase section */

/* Begin PBXTargetDependency section */
		786F8AA02042F6FC00D7F3FD /* PBXTargetDependency */ = {
			isa = PBXTargetDependency;
			target = 786F8A862042F6FC00D7F3FD /* Contacts */;
			targetProxy = 786F8A9F2042F6FC00D7F3FD /* PBXContainerItemProxy */;
		};
		786F8AAB2042F6FC00D7F3FD /* PBXTargetDependency */ = {
			isa = PBXTargetDependency;
			target = 786F8A862042F6FC00D7F3FD /* Contacts */;
			targetProxy = 786F8AAA2042F6FC00D7F3FD /* PBXContainerItemProxy */;
		};
/* End PBXTargetDependency section */

/* Begin PBXVariantGroup section */
		7864BE5D20430AD40043A857 /* Localizable.strings */ = {
			isa = PBXVariantGroup;
			children = (
				7864BE5C20430AD40043A857 /* en */,
				7864BE5E20430AD70043A857 /* ru */,
			);
			name = Localizable.strings;
			sourceTree = "<group>";
		};
		786F8A8E2042F6FC00D7F3FD /* Main.storyboard */ = {
			isa = PBXVariantGroup;
			children = (
				786F8A8F2042F6FC00D7F3FD /* Base */,
				7864BE5720430AA30043A857 /* ru */,
			);
			name = Main.storyboard;
			sourceTree = "<group>";
		};
		786F8A962042F6FC00D7F3FD /* LaunchScreen.storyboard */ = {
			isa = PBXVariantGroup;
			children = (
				786F8A972042F6FC00D7F3FD /* Base */,
				7864BE5820430AA30043A857 /* ru */,
			);
			name = LaunchScreen.storyboard;
			sourceTree = "<group>";
		};
/* End PBXVariantGroup section */

/* Begin XCBuildConfiguration section */
		786F8AB02042F6FC00D7F3FD /* Debug */ = {
			isa = XCBuildConfiguration;
			buildSettings = {
				ALWAYS_SEARCH_USER_PATHS = NO;
				CLANG_ANALYZER_LOCALIZABILITY_NONLOCALIZED = YES;
				CLANG_ANALYZER_NONNULL = YES;
				CLANG_ANALYZER_NUMBER_OBJECT_CONVERSION = YES_AGGRESSIVE;
				CLANG_CXX_LANGUAGE_STANDARD = "gnu++14";
				CLANG_CXX_LIBRARY = "libc++";
				CLANG_ENABLE_MODULES = YES;
				CLANG_ENABLE_OBJC_ARC = YES;
				CLANG_WARN_BLOCK_CAPTURE_AUTORELEASING = YES;
				CLANG_WARN_BOOL_CONVERSION = YES;
				CLANG_WARN_COMMA = YES;
				CLANG_WARN_CONSTANT_CONVERSION = YES;
				CLANG_WARN_DIRECT_OBJC_ISA_USAGE = YES_ERROR;
				CLANG_WARN_DOCUMENTATION_COMMENTS = YES;
				CLANG_WARN_EMPTY_BODY = YES;
				CLANG_WARN_ENUM_CONVERSION = YES;
				CLANG_WARN_INFINITE_RECURSION = YES;
				CLANG_WARN_INT_CONVERSION = YES;
				CLANG_WARN_NON_LITERAL_NULL_CONVERSION = YES;
				CLANG_WARN_OBJC_LITERAL_CONVERSION = YES;
				CLANG_WARN_OBJC_ROOT_CLASS = YES_ERROR;
				CLANG_WARN_RANGE_LOOP_ANALYSIS = YES;
				CLANG_WARN_STRICT_PROTOTYPES = YES;
				CLANG_WARN_SUSPICIOUS_MOVE = YES;
				CLANG_WARN_UNGUARDED_AVAILABILITY = YES_AGGRESSIVE;
				CLANG_WARN_UNREACHABLE_CODE = YES;
				CLANG_WARN__DUPLICATE_METHOD_MATCH = YES;
				CODE_SIGN_IDENTITY = "iPhone Developer";
				COPY_PHASE_STRIP = NO;
				DEBUG_INFORMATION_FORMAT = dwarf;
				ENABLE_STRICT_OBJC_MSGSEND = YES;
				ENABLE_TESTABILITY = YES;
				GCC_C_LANGUAGE_STANDARD = gnu11;
				GCC_DYNAMIC_NO_PIC = NO;
				GCC_NO_COMMON_BLOCKS = YES;
				GCC_OPTIMIZATION_LEVEL = 0;
				GCC_PREPROCESSOR_DEFINITIONS = (
					"DEBUG=1",
					"$(inherited)",
				);
				GCC_WARN_64_TO_32_BIT_CONVERSION = YES;
				GCC_WARN_ABOUT_RETURN_TYPE = YES_ERROR;
				GCC_WARN_UNDECLARED_SELECTOR = YES;
				GCC_WARN_UNINITIALIZED_AUTOS = YES_AGGRESSIVE;
				GCC_WARN_UNUSED_FUNCTION = YES;
				GCC_WARN_UNUSED_VARIABLE = YES;
				IPHONEOS_DEPLOYMENT_TARGET = 11.2;
				MTL_ENABLE_DEBUG_INFO = YES;
				ONLY_ACTIVE_ARCH = YES;
				SDKROOT = iphoneos;
				SWIFT_ACTIVE_COMPILATION_CONDITIONS = DEBUG;
				SWIFT_OPTIMIZATION_LEVEL = "-Onone";
			};
			name = Debug;
		};
		786F8AB12042F6FC00D7F3FD /* Release */ = {
			isa = XCBuildConfiguration;
			buildSettings = {
				ALWAYS_SEARCH_USER_PATHS = NO;
				CLANG_ANALYZER_LOCALIZABILITY_NONLOCALIZED = YES;
				CLANG_ANALYZER_NONNULL = YES;
				CLANG_ANALYZER_NUMBER_OBJECT_CONVERSION = YES_AGGRESSIVE;
				CLANG_CXX_LANGUAGE_STANDARD = "gnu++14";
				CLANG_CXX_LIBRARY = "libc++";
				CLANG_ENABLE_MODULES = YES;
				CLANG_ENABLE_OBJC_ARC = YES;
				CLANG_WARN_BLOCK_CAPTURE_AUTORELEASING = YES;
				CLANG_WARN_BOOL_CONVERSION = YES;
				CLANG_WARN_COMMA = YES;
				CLANG_WARN_CONSTANT_CONVERSION = YES;
				CLANG_WARN_DIRECT_OBJC_ISA_USAGE = YES_ERROR;
				CLANG_WARN_DOCUMENTATION_COMMENTS = YES;
				CLANG_WARN_EMPTY_BODY = YES;
				CLANG_WARN_ENUM_CONVERSION = YES;
				CLANG_WARN_INFINITE_RECURSION = YES;
				CLANG_WARN_INT_CONVERSION = YES;
				CLANG_WARN_NON_LITERAL_NULL_CONVERSION = YES;
				CLANG_WARN_OBJC_LITERAL_CONVERSION = YES;
				CLANG_WARN_OBJC_ROOT_CLASS = YES_ERROR;
				CLANG_WARN_RANGE_LOOP_ANALYSIS = YES;
				CLANG_WARN_STRICT_PROTOTYPES = YES;
				CLANG_WARN_SUSPICIOUS_MOVE = YES;
				CLANG_WARN_UNGUARDED_AVAILABILITY = YES_AGGRESSIVE;
				CLANG_WARN_UNREACHABLE_CODE = YES;
				CLANG_WARN__DUPLICATE_METHOD_MATCH = YES;
				CODE_SIGN_IDENTITY = "iPhone Developer";
				COPY_PHASE_STRIP = NO;
				DEBUG_INFORMATION_FORMAT = "dwarf-with-dsym";
				ENABLE_NS_ASSERTIONS = NO;
				ENABLE_STRICT_OBJC_MSGSEND = YES;
				GCC_C_LANGUAGE_STANDARD = gnu11;
				GCC_NO_COMMON_BLOCKS = YES;
				GCC_WARN_64_TO_32_BIT_CONVERSION = YES;
				GCC_WARN_ABOUT_RETURN_TYPE = YES_ERROR;
				GCC_WARN_UNDECLARED_SELECTOR = YES;
				GCC_WARN_UNINITIALIZED_AUTOS = YES_AGGRESSIVE;
				GCC_WARN_UNUSED_FUNCTION = YES;
				GCC_WARN_UNUSED_VARIABLE = YES;
				IPHONEOS_DEPLOYMENT_TARGET = 11.2;
				MTL_ENABLE_DEBUG_INFO = NO;
				SDKROOT = iphoneos;
				SWIFT_OPTIMIZATION_LEVEL = "-Owholemodule";
				VALIDATE_PRODUCT = YES;
			};
			name = Release;
		};
		786F8AB32042F6FC00D7F3FD /* Debug */ = {
			isa = XCBuildConfiguration;
			baseConfigurationReference = D895A08A503EFF412078835F /* Pods-Contacts.debug.xcconfig */;
			buildSettings = {
				ASSETCATALOG_COMPILER_APPICON_NAME = AppIcon;
				CODE_SIGN_STYLE = Automatic;
				DEVELOPMENT_TEAM = 5BCDXKAUFJ;
				INFOPLIST_FILE = Contacts/Info.plist;
				LD_RUNPATH_SEARCH_PATHS = "$(inherited) @executable_path/Frameworks";
				PRODUCT_BUNDLE_IDENTIFIER = dekwin.Contacts;
				PRODUCT_NAME = "$(TARGET_NAME)";
				SWIFT_VERSION = 4.0;
				TARGETED_DEVICE_FAMILY = "1,2";
			};
			name = Debug;
		};
		786F8AB42042F6FC00D7F3FD /* Release */ = {
			isa = XCBuildConfiguration;
			baseConfigurationReference = 5B1AC1EBE6A46721EDF310BD /* Pods-Contacts.release.xcconfig */;
			buildSettings = {
				ASSETCATALOG_COMPILER_APPICON_NAME = AppIcon;
				CODE_SIGN_STYLE = Automatic;
				DEVELOPMENT_TEAM = 5BCDXKAUFJ;
				INFOPLIST_FILE = Contacts/Info.plist;
				LD_RUNPATH_SEARCH_PATHS = "$(inherited) @executable_path/Frameworks";
				PRODUCT_BUNDLE_IDENTIFIER = dekwin.Contacts;
				PRODUCT_NAME = "$(TARGET_NAME)";
				SWIFT_VERSION = 4.0;
				TARGETED_DEVICE_FAMILY = "1,2";
			};
			name = Release;
		};
		786F8AB62042F6FC00D7F3FD /* Debug */ = {
			isa = XCBuildConfiguration;
			baseConfigurationReference = 95705FB2C9065E9B193962A6 /* Pods-ContactsTests.debug.xcconfig */;
			buildSettings = {
				ALWAYS_EMBED_SWIFT_STANDARD_LIBRARIES = YES;
				BUNDLE_LOADER = "$(TEST_HOST)";
				CODE_SIGN_STYLE = Automatic;
				DEVELOPMENT_TEAM = 5BCDXKAUFJ;
				INFOPLIST_FILE = ContactsTests/Info.plist;
				LD_RUNPATH_SEARCH_PATHS = "$(inherited) @executable_path/Frameworks @loader_path/Frameworks";
				PRODUCT_BUNDLE_IDENTIFIER = dekwin.ContactsTests;
				PRODUCT_NAME = "$(TARGET_NAME)";
				SWIFT_VERSION = 4.0;
				TARGETED_DEVICE_FAMILY = "1,2";
				TEST_HOST = "$(BUILT_PRODUCTS_DIR)/Contacts.app/Contacts";
			};
			name = Debug;
		};
		786F8AB72042F6FC00D7F3FD /* Release */ = {
			isa = XCBuildConfiguration;
			baseConfigurationReference = E174AEFB2FB240A80DA827EF /* Pods-ContactsTests.release.xcconfig */;
			buildSettings = {
				ALWAYS_EMBED_SWIFT_STANDARD_LIBRARIES = YES;
				BUNDLE_LOADER = "$(TEST_HOST)";
				CODE_SIGN_STYLE = Automatic;
				DEVELOPMENT_TEAM = 5BCDXKAUFJ;
				INFOPLIST_FILE = ContactsTests/Info.plist;
				LD_RUNPATH_SEARCH_PATHS = "$(inherited) @executable_path/Frameworks @loader_path/Frameworks";
				PRODUCT_BUNDLE_IDENTIFIER = dekwin.ContactsTests;
				PRODUCT_NAME = "$(TARGET_NAME)";
				SWIFT_VERSION = 4.0;
				TARGETED_DEVICE_FAMILY = "1,2";
				TEST_HOST = "$(BUILT_PRODUCTS_DIR)/Contacts.app/Contacts";
			};
			name = Release;
		};
		786F8AB92042F6FC00D7F3FD /* Debug */ = {
			isa = XCBuildConfiguration;
			buildSettings = {
				ALWAYS_EMBED_SWIFT_STANDARD_LIBRARIES = YES;
				CODE_SIGN_STYLE = Automatic;
				DEVELOPMENT_TEAM = 5BCDXKAUFJ;
				INFOPLIST_FILE = ContactsUITests/Info.plist;
				LD_RUNPATH_SEARCH_PATHS = "$(inherited) @executable_path/Frameworks @loader_path/Frameworks";
				PRODUCT_BUNDLE_IDENTIFIER = dekwin.ContactsUITests;
				PRODUCT_NAME = "$(TARGET_NAME)";
				SWIFT_VERSION = 4.0;
				TARGETED_DEVICE_FAMILY = "1,2";
				TEST_TARGET_NAME = Contacts;
			};
			name = Debug;
		};
		786F8ABA2042F6FC00D7F3FD /* Release */ = {
			isa = XCBuildConfiguration;
			buildSettings = {
				ALWAYS_EMBED_SWIFT_STANDARD_LIBRARIES = YES;
				CODE_SIGN_STYLE = Automatic;
				DEVELOPMENT_TEAM = 5BCDXKAUFJ;
				INFOPLIST_FILE = ContactsUITests/Info.plist;
				LD_RUNPATH_SEARCH_PATHS = "$(inherited) @executable_path/Frameworks @loader_path/Frameworks";
				PRODUCT_BUNDLE_IDENTIFIER = dekwin.ContactsUITests;
				PRODUCT_NAME = "$(TARGET_NAME)";
				SWIFT_VERSION = 4.0;
				TARGETED_DEVICE_FAMILY = "1,2";
				TEST_TARGET_NAME = Contacts;
			};
			name = Release;
		};
/* End XCBuildConfiguration section */

/* Begin XCConfigurationList section */
		786F8A822042F6FC00D7F3FD /* Build configuration list for PBXProject "Contacts" */ = {
			isa = XCConfigurationList;
			buildConfigurations = (
				786F8AB02042F6FC00D7F3FD /* Debug */,
				786F8AB12042F6FC00D7F3FD /* Release */,
			);
			defaultConfigurationIsVisible = 0;
			defaultConfigurationName = Release;
		};
		786F8AB22042F6FC00D7F3FD /* Build configuration list for PBXNativeTarget "Contacts" */ = {
			isa = XCConfigurationList;
			buildConfigurations = (
				786F8AB32042F6FC00D7F3FD /* Debug */,
				786F8AB42042F6FC00D7F3FD /* Release */,
			);
			defaultConfigurationIsVisible = 0;
			defaultConfigurationName = Release;
		};
		786F8AB52042F6FC00D7F3FD /* Build configuration list for PBXNativeTarget "ContactsTests" */ = {
			isa = XCConfigurationList;
			buildConfigurations = (
				786F8AB62042F6FC00D7F3FD /* Debug */,
				786F8AB72042F6FC00D7F3FD /* Release */,
			);
			defaultConfigurationIsVisible = 0;
			defaultConfigurationName = Release;
		};
		786F8AB82042F6FC00D7F3FD /* Build configuration list for PBXNativeTarget "ContactsUITests" */ = {
			isa = XCConfigurationList;
			buildConfigurations = (
				786F8AB92042F6FC00D7F3FD /* Debug */,
				786F8ABA2042F6FC00D7F3FD /* Release */,
			);
			defaultConfigurationIsVisible = 0;
			defaultConfigurationName = Release;
		};
/* End XCConfigurationList section */

/* Begin XCVersionGroup section */
		786F8A912042F6FC00D7F3FD /* Contacts.xcdatamodeld */ = {
			isa = XCVersionGroup;
			children = (
				786F8A922042F6FC00D7F3FD /* Contacts.xcdatamodel */,
			);
			currentVersion = 786F8A922042F6FC00D7F3FD /* Contacts.xcdatamodel */;
			path = Contacts.xcdatamodeld;
			sourceTree = "<group>";
			versionGroupType = wrapper.xcdatamodel;
		};
/* End XCVersionGroup section */
	};
	rootObject = 786F8A7F2042F6FC00D7F3FD /* Project object */;
}
